
Microsoft Visual Studio Solution File, Format Version 12.00
# Visual Studio Version 17
VisualStudioVersion = 17.9.34728.123
MinimumVisualStudioVersion = 10.0.40219.1
Project("{FAE04EC0-301F-11D3-BF4B-00C04F79EFBC}") = "White_Ch11.1", "White_Ch11.1.csproj", "{4686FA4F-D9BA-48BA-96D9-CA2BAC4A92A7}"
EndProject
Global
	GlobalSection(SolutionConfigurationPlatforms) = preSolution
		Debug|Any CPU = Debug|Any CPU
		Release|Any CPU = Release|Any CPU
	EndGlobalSection
	GlobalSection(ProjectConfigurationPlatforms) = postSolution
		{4686FA4F-D9BA-48BA-96D9-CA2BAC4A92A7}.Debug|Any CPU.ActiveCfg = Debug|Any CPU
		{4686FA4F-D9BA-48BA-96D9-CA2BAC4A92A7}.Debug|Any CPU.Build.0 = Debug|Any CPU
		{4686FA4F-D9BA-48BA-96D9-CA2BAC4A92A7}.Release|Any CPU.ActiveCfg = Release|Any CPU
		{4686FA4F-D9BA-48BA-96D9-CA2BAC4A92A7}.Release|Any CPU.Build.0 = Release|Any CPU
	EndGlobalSection
	GlobalSection(SolutionProperties) = preSolution
		HideSolutionNode = FALSE
	EndGlobalSection
	GlobalSection(ExtensibilityGlobals) = postSolution
		SolutionGuid = {8ED0F021-2AFF-4DDE-8017-EC320EAC2B82}
	EndGlobalSection
EndGlobal
